// !$*UTF8*$!
{
	archiveVersion = 1;
	classes = {
	};
	objectVersion = 56;
	objects = {

/* Begin PBXBuildFile section */
		CDF478012C1B4C9A00F77CF7 /* GlassWorkout Watch App.app in Embed Watch Content */ = {isa = PBXBuildFile; fileRef = CDF478002C1B4C9A00F77CF7 /* GlassWorkout Watch App.app */; settings = {ATTRIBUTES = (RemoveHeadersOnCopy, ); }; };
		CDF478062C1B4C9A00F77CF7 /* GlassWorkoutApp.swift in Sources */ = {isa = PBXBuildFile; fileRef = CDF478052C1B4C9A00F77CF7 /* GlassWorkoutApp.swift */; };
		CDF478082C1B4C9A00F77CF7 /* ContentView.swift in Sources */ = {isa = PBXBuildFile; fileRef = CDF478072C1B4C9A00F77CF7 /* ContentView.swift */; };
		CDF4780A2C1B4C9B00F77CF7 /* Assets.xcassets in Resources */ = {isa = PBXBuildFile; fileRef = CDF478092C1B4C9B00F77CF7 /* Assets.xcassets */; };
		CDF4780D2C1B4C9B00F77CF7 /* Preview Assets.xcassets in Resources */ = {isa = PBXBuildFile; fileRef = CDF4780C2C1B4C9B00F77CF7 /* Preview Assets.xcassets */; };
		CDF4781B2C1B517A00F77CF7 /* WorkoutInterfaceController.swift in Sources */ = {isa = PBXBuildFile; fileRef = CDF4781A2C1B517A00F77CF7 /* WorkoutInterfaceController.swift */; };
/* End PBXBuildFile section */

/* Begin PBXContainerItemProxy section */
		CDF478022C1B4C9A00F77CF7 /* PBXContainerItemProxy */ = {
			isa = PBXContainerItemProxy;
			containerPortal = CDF477F42C1B4C9900F77CF7 /* Project object */;
			proxyType = 1;
			remoteGlobalIDString = CDF477FF2C1B4C9A00F77CF7;
			remoteInfo = "GlassWorkout Watch App";
		};
/* End PBXContainerItemProxy section */

/* Begin PBXCopyFilesBuildPhase section */
		CDF478132C1B4C9B00F77CF7 /* Embed Watch Content */ = {
			isa = PBXCopyFilesBuildPhase;
			buildActionMask = 2147483647;
			dstPath = "$(CONTENTS_FOLDER_PATH)/Watch";
			dstSubfolderSpec = 16;
			files = (
				CDF478012C1B4C9A00F77CF7 /* GlassWorkout Watch App.app in Embed Watch Content */,
			);
			name = "Embed Watch Content";
			runOnlyForDeploymentPostprocessing = 0;
		};
/* End PBXCopyFilesBuildPhase section */

/* Begin PBXFileReference section */
		CDF477FA2C1B4C9A00F77CF7 /* GlassWorkout.app */ = {isa = PBXFileReference; explicitFileType = wrapper.application; includeInIndex = 0; path = GlassWorkout.app; sourceTree = BUILT_PRODUCTS_DIR; };
		CDF478002C1B4C9A00F77CF7 /* GlassWorkout Watch App.app */ = {isa = PBXFileReference; explicitFileType = wrapper.application; includeInIndex = 0; path = "GlassWorkout Watch App.app"; sourceTree = BUILT_PRODUCTS_DIR; };
		CDF478052C1B4C9A00F77CF7 /* GlassWorkoutApp.swift */ = {isa = PBXFileReference; lastKnownFileType = sourcecode.swift; path = GlassWorkoutApp.swift; sourceTree = "<group>"; };
		CDF478072C1B4C9A00F77CF7 /* ContentView.swift */ = {isa = PBXFileReference; lastKnownFileType = sourcecode.swift; path = ContentView.swift; sourceTree = "<group>"; };
		CDF478092C1B4C9B00F77CF7 /* Assets.xcassets */ = {isa = PBXFileReference; lastKnownFileType = folder.assetcatalog; path = Assets.xcassets; sourceTree = "<group>"; };
		CDF4780C2C1B4C9B00F77CF7 /* Preview Assets.xcassets */ = {isa = PBXFileReference; lastKnownFileType = folder.assetcatalog; path = "Preview Assets.xcassets"; sourceTree = "<group>"; };
		CDF478172C1B4CDA00F77CF7 /* GlassWorkout Watch App.entitlements */ = {isa = PBXFileReference; lastKnownFileType = text.plist.entitlements; path = "GlassWorkout Watch App.entitlements"; sourceTree = "<group>"; };
		CDF4781A2C1B517A00F77CF7 /* WorkoutInterfaceController.swift */ = {isa = PBXFileReference; lastKnownFileType = sourcecode.swift; path = WorkoutInterfaceController.swift; sourceTree = "<group>"; };
		CDF4781C2C1B54FF00F77CF7 /* GlassWorkout-Watch-App-Info.plist */ = {isa = PBXFileReference; lastKnownFileType = text.plist; path = "GlassWorkout-Watch-App-Info.plist"; sourceTree = SOURCE_ROOT; };
/* End PBXFileReference section */

/* Begin PBXFrameworksBuildPhase section */
		CDF477FD2C1B4C9A00F77CF7 /* Frameworks */ = {
			isa = PBXFrameworksBuildPhase;
			buildActionMask = 2147483647;
			files = (
			);
			runOnlyForDeploymentPostprocessing = 0;
		};
/* End PBXFrameworksBuildPhase section */

/* Begin PBXGroup section */
		CDF477F32C1B4C9900F77CF7 = {
			isa = PBXGroup;
			children = (
				CDF478042C1B4C9A00F77CF7 /* GlassWorkout Watch App */,
				CDF477FB2C1B4C9A00F77CF7 /* Products */,
			);
			sourceTree = "<group>";
		};
		CDF477FB2C1B4C9A00F77CF7 /* Products */ = {
			isa = PBXGroup;
			children = (
				CDF477FA2C1B4C9A00F77CF7 /* GlassWorkout.app */,
				CDF478002C1B4C9A00F77CF7 /* GlassWorkout Watch App.app */,
			);
			name = Products;
			sourceTree = "<group>";
		};
		CDF478042C1B4C9A00F77CF7 /* GlassWorkout Watch App */ = {
			isa = PBXGroup;
			children = (
				CDF4781C2C1B54FF00F77CF7 /* GlassWorkout-Watch-App-Info.plist */,
				CDF478172C1B4CDA00F77CF7 /* GlassWorkout Watch App.entitlements */,
				CDF4781A2C1B517A00F77CF7 /* WorkoutInterfaceController.swift */,
				CDF478052C1B4C9A00F77CF7 /* GlassWorkoutApp.swift */,
				CDF478072C1B4C9A00F77CF7 /* ContentView.swift */,
				CDF478092C1B4C9B00F77CF7 /* Assets.xcassets */,
				CDF4780B2C1B4C9B00F77CF7 /* Preview Content */,
			);
			path = "GlassWorkout Watch App";
			sourceTree = "<group>";
		};
		CDF4780B2C1B4C9B00F77CF7 /* Preview Content */ = {
			isa = PBXGroup;
			children = (
				CDF4780C2C1B4C9B00F77CF7 /* Preview Assets.xcassets */,
			);
			path = "Preview Content";
			sourceTree = "<group>";
		};
/* End PBXGroup section */

/* Begin PBXNativeTarget section */
		CDF477F92C1B4C9A00F77CF7 /* GlassWorkout */ = {
			isa = PBXNativeTarget;
			buildConfigurationList = CDF478142C1B4C9B00F77CF7 /* Build configuration list for PBXNativeTarget "GlassWorkout" */;
			buildPhases = (
				CDF477F82C1B4C9A00F77CF7 /* Resources */,
				CDF478132C1B4C9B00F77CF7 /* Embed Watch Content */,
			);
			buildRules = (
			);
			dependencies = (
				CDF478032C1B4C9A00F77CF7 /* PBXTargetDependency */,
			);
			name = GlassWorkout;
			productName = GlassWorkout;
			productReference = CDF477FA2C1B4C9A00F77CF7 /* GlassWorkout.app */;
			productType = "com.apple.product-type.application.watchapp2-container";
		};
		CDF477FF2C1B4C9A00F77CF7 /* GlassWorkout Watch App */ = {
			isa = PBXNativeTarget;
			buildConfigurationList = CDF478102C1B4C9B00F77CF7 /* Build configuration list for PBXNativeTarget "GlassWorkout Watch App" */;
			buildPhases = (
				CDF477FC2C1B4C9A00F77CF7 /* Sources */,
				CDF477FD2C1B4C9A00F77CF7 /* Frameworks */,
				CDF477FE2C1B4C9A00F77CF7 /* Resources */,
			);
			buildRules = (
			);
			dependencies = (
			);
			name = "GlassWorkout Watch App";
			productName = "GlassWorkout Watch App";
			productReference = CDF478002C1B4C9A00F77CF7 /* GlassWorkout Watch App.app */;
			productType = "com.apple.product-type.application";
		};
/* End PBXNativeTarget section */

/* Begin PBXProject section */
		CDF477F42C1B4C9900F77CF7 /* Project object */ = {
			isa = PBXProject;
			attributes = {
				BuildIndependentTargetsInParallel = 1;
				LastSwiftUpdateCheck = 1540;
				LastUpgradeCheck = 1540;
				TargetAttributes = {
					CDF477F92C1B4C9A00F77CF7 = {
						CreatedOnToolsVersion = 15.4;
					};
					CDF477FF2C1B4C9A00F77CF7 = {
						CreatedOnToolsVersion = 15.4;
					};
				};
			};
			buildConfigurationList = CDF477F72C1B4C9900F77CF7 /* Build configuration list for PBXProject "GlassWorkout" */;
			compatibilityVersion = "Xcode 14.0";
			developmentRegion = en;
			hasScannedForEncodings = 0;
			knownRegions = (
				en,
				Base,
			);
			mainGroup = CDF477F32C1B4C9900F77CF7;
			productRefGroup = CDF477FB2C1B4C9A00F77CF7 /* Products */;
			projectDirPath = "";
			projectRoot = "";
			targets = (
				CDF477F92C1B4C9A00F77CF7 /* GlassWorkout */,
				CDF477FF2C1B4C9A00F77CF7 /* GlassWorkout Watch App */,
			);
		};
/* End PBXProject section */

/* Begin PBXResourcesBuildPhase section */
		CDF477F82C1B4C9A00F77CF7 /* Resources */ = {
			isa = PBXResourcesBuildPhase;
			buildActionMask = 2147483647;
			files = (
			);
			runOnlyForDeploymentPostprocessing = 0;
		};
		CDF477FE2C1B4C9A00F77CF7 /* Resources */ = {
			isa = PBXResourcesBuildPhase;
			buildActionMask = 2147483647;
			files = (
				CDF4780D2C1B4C9B00F77CF7 /* Preview Assets.xcassets in Resources */,
				CDF4780A2C1B4C9B00F77CF7 /* Assets.xcassets in Resources */,
			);
			runOnlyForDeploymentPostprocessing = 0;
		};
/* End PBXResourcesBuildPhase section */

/* Begin PBXSourcesBuildPhase section */
		CDF477FC2C1B4C9A00F77CF7 /* Sources */ = {
			isa = PBXSourcesBuildPhase;
			buildActionMask = 2147483647;
			files = (
				CDF478082C1B4C9A00F77CF7 /* ContentView.swift in Sources */,
				CDF4781B2C1B517A00F77CF7 /* WorkoutInterfaceController.swift in Sources */,
				CDF478062C1B4C9A00F77CF7 /* GlassWorkoutApp.swift in Sources */,
			);
			runOnlyForDeploymentPostprocessing = 0;
		};
/* End PBXSourcesBuildPhase section */

/* Begin PBXTargetDependency section */
		CDF478032C1B4C9A00F77CF7 /* PBXTargetDependency */ = {
			isa = PBXTargetDependency;
			target = CDF477FF2C1B4C9A00F77CF7 /* GlassWorkout Watch App */;
			targetProxy = CDF478022C1B4C9A00F77CF7 /* PBXContainerItemProxy */;
		};
/* End PBXTargetDependency section */

/* Begin XCBuildConfiguration section */
		CDF4780E2C1B4C9B00F77CF7 /* Debug */ = {
			isa = XCBuildConfiguration;
			buildSettings = {
				ALWAYS_SEARCH_USER_PATHS = NO;
				ASSETCATALOG_COMPILER_GENERATE_SWIFT_ASSET_SYMBOL_EXTENSIONS = YES;
				CLANG_ANALYZER_NONNULL = YES;
				CLANG_ANALYZER_NUMBER_OBJECT_CONVERSION = YES_AGGRESSIVE;
				CLANG_CXX_LANGUAGE_STANDARD = "gnu++20";
				CLANG_ENABLE_MODULES = YES;
				CLANG_ENABLE_OBJC_ARC = YES;
				CLANG_ENABLE_OBJC_WEAK = YES;
				CLANG_WARN_BLOCK_CAPTURE_AUTORELEASING = YES;
				CLANG_WARN_BOOL_CONVERSION = YES;
				CLANG_WARN_COMMA = YES;
				CLANG_WARN_CONSTANT_CONVERSION = YES;
				CLANG_WARN_DEPRECATED_OBJC_IMPLEMENTATIONS = YES;
				CLANG_WARN_DIRECT_OBJC_ISA_USAGE = YES_ERROR;
				CLANG_WARN_DOCUMENTATION_COMMENTS = YES;
				CLANG_WARN_EMPTY_BODY = YES;
				CLANG_WARN_ENUM_CONVERSION = YES;
				CLANG_WARN_INFINITE_RECURSION = YES;
				CLANG_WARN_INT_CONVERSION = YES;
				CLANG_WARN_NON_LITERAL_NULL_CONVERSION = YES;
				CLANG_WARN_OBJC_IMPLICIT_RETAIN_SELF = YES;
				CLANG_WARN_OBJC_LITERAL_CONVERSION = YES;
				CLANG_WARN_OBJC_ROOT_CLASS = YES_ERROR;
				CLANG_WARN_QUOTED_INCLUDE_IN_FRAMEWORK_HEADER = YES;
				CLANG_WARN_RANGE_LOOP_ANALYSIS = YES;
				CLANG_WARN_STRICT_PROTOTYPES = YES;
				CLANG_WARN_SUSPICIOUS_MOVE = YES;
				CLANG_WARN_UNGUARDED_AVAILABILITY = YES_AGGRESSIVE;
				CLANG_WARN_UNREACHABLE_CODE = YES;
				CLANG_WARN__DUPLICATE_METHOD_MATCH = YES;
				COPY_PHASE_STRIP = NO;
				DEBUG_INFORMATION_FORMAT = dwarf;
				ENABLE_STRICT_OBJC_MSGSEND = YES;
				ENABLE_TESTABILITY = YES;
				ENABLE_USER_SCRIPT_SANDBOXING = YES;
				GCC_C_LANGUAGE_STANDARD = gnu17;
				GCC_DYNAMIC_NO_PIC = NO;
				GCC_NO_COMMON_BLOCKS = YES;
				GCC_OPTIMIZATION_LEVEL = 0;
				GCC_PREPROCESSOR_DEFINITIONS = (
					"DEBUG=1",
					"$(inherited)",
				);
				GCC_WARN_64_TO_32_BIT_CONVERSION = YES;
				GCC_WARN_ABOUT_RETURN_TYPE = YES_ERROR;
				GCC_WARN_UNDECLARED_SELECTOR = YES;
				GCC_WARN_UNINITIALIZED_AUTOS = YES_AGGRESSIVE;
				GCC_WARN_UNUSED_FUNCTION = YES;
				GCC_WARN_UNUSED_VARIABLE = YES;
				LOCALIZATION_PREFERS_STRING_CATALOGS = YES;
				MTL_ENABLE_DEBUG_INFO = INCLUDE_SOURCE;
				MTL_FAST_MATH = YES;
				ONLY_ACTIVE_ARCH = YES;
				SWIFT_ACTIVE_COMPILATION_CONDITIONS = "DEBUG $(inherited)";
				SWIFT_OPTIMIZATION_LEVEL = "-Onone";
			};
			name = Debug;
		};
		CDF4780F2C1B4C9B00F77CF7 /* Release */ = {
			isa = XCBuildConfiguration;
			buildSettings = {
				ALWAYS_SEARCH_USER_PATHS = NO;
				ASSETCATALOG_COMPILER_GENERATE_SWIFT_ASSET_SYMBOL_EXTENSIONS = YES;
				CLANG_ANALYZER_NONNULL = YES;
				CLANG_ANALYZER_NUMBER_OBJECT_CONVERSION = YES_AGGRESSIVE;
				CLANG_CXX_LANGUAGE_STANDARD = "gnu++20";
				CLANG_ENABLE_MODULES = YES;
				CLANG_ENABLE_OBJC_ARC = YES;
				CLANG_ENABLE_OBJC_WEAK = YES;
				CLANG_WARN_BLOCK_CAPTURE_AUTORELEASING = YES;
				CLANG_WARN_BOOL_CONVERSION = YES;
				CLANG_WARN_COMMA = YES;
				CLANG_WARN_CONSTANT_CONVERSION = YES;
				CLANG_WARN_DEPRECATED_OBJC_IMPLEMENTATIONS = YES;
				CLANG_WARN_DIRECT_OBJC_ISA_USAGE = YES_ERROR;
				CLANG_WARN_DOCUMENTATION_COMMENTS = YES;
				CLANG_WARN_EMPTY_BODY = YES;
				CLANG_WARN_ENUM_CONVERSION = YES;
				CLANG_WARN_INFINITE_RECURSION = YES;
				CLANG_WARN_INT_CONVERSION = YES;
				CLANG_WARN_NON_LITERAL_NULL_CONVERSION = YES;
				CLANG_WARN_OBJC_IMPLICIT_RETAIN_SELF = YES;
				CLANG_WARN_OBJC_LITERAL_CONVERSION = YES;
				CLANG_WARN_OBJC_ROOT_CLASS = YES_ERROR;
				CLANG_WARN_QUOTED_INCLUDE_IN_FRAMEWORK_HEADER = YES;
				CLANG_WARN_RANGE_LOOP_ANALYSIS = YES;
				CLANG_WARN_STRICT_PROTOTYPES = YES;
				CLANG_WARN_SUSPICIOUS_MOVE = YES;
				CLANG_WARN_UNGUARDED_AVAILABILITY = YES_AGGRESSIVE;
				CLANG_WARN_UNREACHABLE_CODE = YES;
				CLANG_WARN__DUPLICATE_METHOD_MATCH = YES;
				COPY_PHASE_STRIP = NO;
				DEBUG_INFORMATION_FORMAT = "dwarf-with-dsym";
				ENABLE_NS_ASSERTIONS = NO;
				ENABLE_STRICT_OBJC_MSGSEND = YES;
				ENABLE_USER_SCRIPT_SANDBOXING = YES;
				GCC_C_LANGUAGE_STANDARD = gnu17;
				GCC_NO_COMMON_BLOCKS = YES;
				GCC_WARN_64_TO_32_BIT_CONVERSION = YES;
				GCC_WARN_ABOUT_RETURN_TYPE = YES_ERROR;
				GCC_WARN_UNDECLARED_SELECTOR = YES;
				GCC_WARN_UNINITIALIZED_AUTOS = YES_AGGRESSIVE;
				GCC_WARN_UNUSED_FUNCTION = YES;
				GCC_WARN_UNUSED_VARIABLE = YES;
				LOCALIZATION_PREFERS_STRING_CATALOGS = YES;
				MTL_ENABLE_DEBUG_INFO = NO;
				MTL_FAST_MATH = YES;
				SWIFT_COMPILATION_MODE = wholemodule;
			};
			name = Release;
		};
		CDF478112C1B4C9B00F77CF7 /* Debug */ = {
			isa = XCBuildConfiguration;
			buildSettings = {
				ASSETCATALOG_COMPILER_APPICON_NAME = AppIcon;
				ASSETCATALOG_COMPILER_GLOBAL_ACCENT_COLOR_NAME = AccentColor;
				CODE_SIGN_ENTITLEMENTS = "GlassWorkout Watch App/GlassWorkout Watch App.entitlements";
				CODE_SIGN_STYLE = Automatic;
				CURRENT_PROJECT_VERSION = 1;
				DEVELOPMENT_ASSET_PATHS = "\"GlassWorkout Watch App/Preview Content\"";
				DEVELOPMENT_TEAM = LR23F9534M;
				ENABLE_PREVIEWS = YES;
				GENERATE_INFOPLIST_FILE = YES;
				INFOPLIST_FILE = "GlassWorkout-Watch-App-Info.plist";
				INFOPLIST_KEY_CFBundleDisplayName = GlassWorkout;
				INFOPLIST_KEY_NSHealthClinicalHealthRecordsShareUsageDescription = "The app reads workout data to send it to your ActiveLook glasses";
				INFOPLIST_KEY_NSHealthShareUsageDescription = "The app reads workout data to send it to your ActiveLook glasses";
				INFOPLIST_KEY_NSHealthUpdateUsageDescription = "The app reads workout data to send it to your ActiveLook glasses";
				INFOPLIST_KEY_UISupportedInterfaceOrientations = "UIInterfaceOrientationPortrait UIInterfaceOrientationPortraitUpsideDown";
				INFOPLIST_KEY_WKWatchOnly = YES;
				LD_RUNPATH_SEARCH_PATHS = (
					"$(inherited)",
					"@executable_path/Frameworks",
				);
				MARKETING_VERSION = 1.0;
				PRODUCT_BUNDLE_IDENTIFIER = com.nonneville.com.GlassWorkout.watchkitapp;
				PRODUCT_NAME = "$(TARGET_NAME)";
				SDKROOT = watchos;
				SKIP_INSTALL = YES;
				SWIFT_EMIT_LOC_STRINGS = YES;
				SWIFT_VERSION = 5.0;
				TARGETED_DEVICE_FAMILY = 4;
				WATCHOS_DEPLOYMENT_TARGET = 10.5;
			};
			name = Debug;
		};
		CDF478122C1B4C9B00F77CF7 /* Release */ = {
			isa = XCBuildConfiguration;
			buildSettings = {
				ASSETCATALOG_COMPILER_APPICON_NAME = AppIcon;
				ASSETCATALOG_COMPILER_GLOBAL_ACCENT_COLOR_NAME = AccentColor;
				CODE_SIGN_ENTITLEMENTS = "GlassWorkout Watch App/GlassWorkout Watch App.entitlements";
				CODE_SIGN_STYLE = Automatic;
				CURRENT_PROJECT_VERSION = 1;
				DEVELOPMENT_ASSET_PATHS = "\"GlassWorkout Watch App/Preview Content\"";
				DEVELOPMENT_TEAM = LR23F9534M;
				ENABLE_PREVIEWS = YES;
				GENERATE_INFOPLIST_FILE = YES;
				INFOPLIST_FILE = "GlassWorkout-Watch-App-Info.plist";
				INFOPLIST_KEY_CFBundleDisplayName = GlassWorkout;
				INFOPLIST_KEY_NSHealthClinicalHealthRecordsShareUsageDescription = "The app reads workout data to send it to your ActiveLook glasses";
				INFOPLIST_KEY_NSHealthShareUsageDescription = "The app reads workout data to send it to your ActiveLook glasses";
				INFOPLIST_KEY_NSHealthUpdateUsageDescription = "The app reads workout data to send it to your ActiveLook glasses";
				INFOPLIST_KEY_UISupportedInterfaceOrientations = "UIInterfaceOrientationPortrait UIInterfaceOrientationPortraitUpsideDown";
				INFOPLIST_KEY_WKWatchOnly = YES;
				LD_RUNPATH_SEARCH_PATHS = (
					"$(inherited)",
					"@executable_path/Frameworks",
				);
				MARKETING_VERSION = 1.0;
				PRODUCT_BUNDLE_IDENTIFIER = com.nonneville.com.GlassWorkout.watchkitapp;
				PRODUCT_NAME = "$(TARGET_NAME)";
				SDKROOT = watchos;
				SKIP_INSTALL = YES;
				SWIFT_EMIT_LOC_STRINGS = YES;
				SWIFT_VERSION = 5.0;
				TARGETED_DEVICE_FAMILY = 4;
				VALIDATE_PRODUCT = YES;
				WATCHOS_DEPLOYMENT_TARGET = 10.5;
			};
			name = Release;
		};
		CDF478152C1B4C9B00F77CF7 /* Debug */ = {
			isa = XCBuildConfiguration;
			buildSettings = {
				ALWAYS_EMBED_SWIFT_STANDARD_LIBRARIES = YES;
				CODE_SIGN_STYLE = Automatic;
				CURRENT_PROJECT_VERSION = 1;
				DEVELOPMENT_TEAM = LR23F9534M;
				INFOPLIST_KEY_CFBundleDisplayName = GlassWorkout;
				MARKETING_VERSION = 1.0;
				PRODUCT_BUNDLE_IDENTIFIER = com.nonneville.com.GlassWorkout;
				PRODUCT_NAME = "$(TARGET_NAME)";
				SDKROOT = iphoneos;
				SWIFT_VERSION = 5.0;
			};
			name = Debug;
		};
		CDF478162C1B4C9B00F77CF7 /* Release */ = {
			isa = XCBuildConfiguration;
			buildSettings = {
				ALWAYS_EMBED_SWIFT_STANDARD_LIBRARIES = YES;
				CODE_SIGN_STYLE = Automatic;
				CURRENT_PROJECT_VERSION = 1;
				DEVELOPMENT_TEAM = LR23F9534M;
				INFOPLIST_KEY_CFBundleDisplayName = GlassWorkout;
				MARKETING_VERSION = 1.0;
				PRODUCT_BUNDLE_IDENTIFIER = com.nonneville.com.GlassWorkout;
				PRODUCT_NAME = "$(TARGET_NAME)";
				SDKROOT = iphoneos;
				SWIFT_VERSION = 5.0;
				VALIDATE_PRODUCT = YES;
			};
			name = Release;
		};
/* End XCBuildConfiguration section */

/* Begin XCConfigurationList section */
		CDF477F72C1B4C9900F77CF7 /* Build configuration list for PBXProject "GlassWorkout" */ = {
			isa = XCConfigurationList;
			buildConfigurations = (
				CDF4780E2C1B4C9B00F77CF7 /* Debug */,
				CDF4780F2C1B4C9B00F77CF7 /* Release */,
			);
			defaultConfigurationIsVisible = 0;
			defaultConfigurationName = Release;
		};
		CDF478102C1B4C9B00F77CF7 /* Build configuration list for PBXNativeTarget "GlassWorkout Watch App" */ = {
			isa = XCConfigurationList;
			buildConfigurations = (
				CDF478112C1B4C9B00F77CF7 /* Debug */,
				CDF478122C1B4C9B00F77CF7 /* Release */,
			);
			defaultConfigurationIsVisible = 0;
			defaultConfigurationName = Release;
		};
		CDF478142C1B4C9B00F77CF7 /* Build configuration list for PBXNativeTarget "GlassWorkout" */ = {
			isa = XCConfigurationList;
			buildConfigurations = (
				CDF478152C1B4C9B00F77CF7 /* Debug */,
				CDF478162C1B4C9B00F77CF7 /* Release */,
			);
			defaultConfigurationIsVisible = 0;
			defaultConfigurationName = Release;
		};
/* End XCConfigurationList section */
	};
	rootObject = CDF477F42C1B4C9900F77CF7 /* Project object */;
}
